
Microsoft Visual Studio Solution File, Format Version 12.00
# Visual Studio Version 17
VisualStudioVersion = 17.9.34526.213
MinimumVisualStudioVersion = 10.0.40219.1
Project("{FAE04EC0-301F-11D3-BF4B-00C04F79EFBC}") = "Resume_Analyzer.API", "Resume_Analyzer.API\Resume_Analyzer.API.csproj", "{1DF6FB54-143A-4234-9490-A35698DB57CF}"
EndProject
Project("{FAE04EC0-301F-11D3-BF4B-00C04F79EFBC}") = "Resume_Analyzer.Service", "Resume_Analyzer.Service\Resume_Analyzer.Service.csproj", "{261F2E8F-36B6-483A-9784-2A632073A08E}"
EndProject
Project("{FAE04EC0-301F-11D3-BF4B-00C04F79EFBC}") = "Resume_Analyzer.DataAccess", "Resume_Analyzer.DataAccess\Resume_Analyzer.DataAccess.csproj", "{F4FDC3D3-BBFE-4C4D-93F7-C9B9FC596BE7}"
EndProject
Global
	GlobalSection(SolutionConfigurationPlatforms) = preSolution
		Debug|Any CPU = Debug|Any CPU
		Release|Any CPU = Release|Any CPU
	EndGlobalSection
	GlobalSection(ProjectConfigurationPlatforms) = postSolution
		{1DF6FB54-143A-4234-9490-A35698DB57CF}.Debug|Any CPU.ActiveCfg = Debug|Any CPU
		{1DF6FB54-143A-4234-9490-A35698DB57CF}.Debug|Any CPU.Build.0 = Debug|Any CPU
		{1DF6FB54-143A-4234-9490-A35698DB57CF}.Release|Any CPU.ActiveCfg = Release|Any CPU
		{1DF6FB54-143A-4234-9490-A35698DB57CF}.Release|Any CPU.Build.0 = Release|Any CPU
		{261F2E8F-36B6-483A-9784-2A632073A08E}.Debug|Any CPU.ActiveCfg = Debug|Any CPU
		{261F2E8F-36B6-483A-9784-2A632073A08E}.Debug|Any CPU.Build.0 = Debug|Any CPU
		{261F2E8F-36B6-483A-9784-2A632073A08E}.Release|Any CPU.ActiveCfg = Release|Any CPU
		{261F2E8F-36B6-483A-9784-2A632073A08E}.Release|Any CPU.Build.0 = Release|Any CPU
		{F4FDC3D3-BBFE-4C4D-93F7-C9B9FC596BE7}.Debug|Any CPU.ActiveCfg = Debug|Any CPU
		{F4FDC3D3-BBFE-4C4D-93F7-C9B9FC596BE7}.Debug|Any CPU.Build.0 = Debug|Any CPU
		{F4FDC3D3-BBFE-4C4D-93F7-C9B9FC596BE7}.Release|Any CPU.ActiveCfg = Release|Any CPU
		{F4FDC3D3-BBFE-4C4D-93F7-C9B9FC596BE7}.Release|Any CPU.Build.0 = Release|Any CPU
	EndGlobalSection
	GlobalSection(SolutionProperties) = preSolution
		HideSolutionNode = FALSE
	EndGlobalSection
	GlobalSection(ExtensibilityGlobals) = postSolution
		SolutionGuid = {C84C24BF-E136-4AAB-8639-DC8F57E3E7FD}
	EndGlobalSection
EndGlobal
